
Microsoft Visual Studio Solution File, Format Version 12.00
# Visual Studio 2012
Project("{FAE04EC0-301F-11D3-BF4B-00C04F79EFBC}") = "Api", "Api\Api.csproj", "{9C918027-43E8-4DD4-910B-DFC5413722E4}"
EndProject
Project("{FAE04EC0-301F-11D3-BF4B-00C04F79EFBC}") = "Auth", "Auth\Auth.csproj", "{FA478D01-3E27-4D1A-A0E1-A08EFB490D9F}"
EndProject
Project("{FAE04EC0-301F-11D3-BF4B-00C04F79EFBC}") = "Core", "Core\Core.csproj", "{206B51EB-BAE5-44EB-9755-F57D61691C43}"
EndProject
Project("{FAE04EC0-301F-11D3-BF4B-00C04F79EFBC}") = "Infrastructure", "Infrastructure\Infrastructure.csproj", "{F7F99555-AAA2-4E70-87D0-78FB92602FBC}"
EndProject
Project("{FAE04EC0-301F-11D3-BF4B-00C04F79EFBC}") = "Jobs", "Jobs\Jobs.csproj", "{01508B2E-334A-4A0C-8FC9-6DBF446E5C7D}"
EndProject
Project("{2150E333-8FDC-42A3-9474-1A3956D46DE8}") = "Tests", "Tests", "{D5359851-1752-48E6-952F-0A0DDE4B7C7C}"
EndProject
Project("{2150E333-8FDC-42A3-9474-1A3956D46DE8}") = "Integration", "Integration", "{9E2533A7-3060-4D00-8C52-5F191BAEE25E}"
EndProject
Project("{2150E333-8FDC-42A3-9474-1A3956D46DE8}") = "Unit", "Unit", "{75546077-E4A5-4392-BDF4-BCEAE5A0E591}"
EndProject
Project("{FAE04EC0-301F-11D3-BF4B-00C04F79EFBC}") = "Api.Tests.Unit", "Api.Tests.Unit\Api.Tests.Unit.csproj", "{760B86A6-59E1-4EC3-8E51-40A260676A44}"
EndProject
Project("{FAE04EC0-301F-11D3-BF4B-00C04F79EFBC}") = "Base.Tests.Integration", "Base.Tests.Integration\Base.Tests.Integration.csproj", "{1A1348DE-368C-44DB-BDBF-9E7281E11541}"
EndProject
Project("{FAE04EC0-301F-11D3-BF4B-00C04F79EFBC}") = "Auth.Tests.Unit", "Auth.Tests.Unit\Auth.Tests.Unit.csproj", "{A5FCCDF8-BAC2-4C61-BB1A-EAEDB33A6CF3}"
EndProject
Project("{FAE04EC0-301F-11D3-BF4B-00C04F79EFBC}") = "Core.Tests.Unit", "Core.Tests.Unit\Core.Tests.Unit.csproj", "{A7F42F6A-05F3-432E-9CE6-A153604B7D74}"
EndProject
Project("{FAE04EC0-301F-11D3-BF4B-00C04F79EFBC}") = "Jobs.Tests.Unit", "Jobs.Tests.Unit\Jobs.Tests.Unit.csproj", "{C7346B0C-934A-414A-8F03-75963E3F5B60}"
EndProject
Project("{FAE04EC0-301F-11D3-BF4B-00C04F79EFBC}") = "Infrasturcture.Tests.Unit", "Infrasturcture.Tests.Unit\Infrasturcture.Tests.Unit.csproj", "{11E3BCAE-81DB-4145-986F-2A1D522F1234}"
EndProject
Global
	GlobalSection(SolutionConfigurationPlatforms) = preSolution
		Debug|Any CPU = Debug|Any CPU
		Release|Any CPU = Release|Any CPU
	EndGlobalSection
	GlobalSection(ProjectConfigurationPlatforms) = postSolution
		{9C918027-43E8-4DD4-910B-DFC5413722E4}.Debug|Any CPU.ActiveCfg = Debug|Any CPU
		{9C918027-43E8-4DD4-910B-DFC5413722E4}.Debug|Any CPU.Build.0 = Debug|Any CPU
		{9C918027-43E8-4DD4-910B-DFC5413722E4}.Release|Any CPU.ActiveCfg = Release|Any CPU
		{9C918027-43E8-4DD4-910B-DFC5413722E4}.Release|Any CPU.Build.0 = Release|Any CPU
		{FA478D01-3E27-4D1A-A0E1-A08EFB490D9F}.Debug|Any CPU.ActiveCfg = Debug|Any CPU
		{FA478D01-3E27-4D1A-A0E1-A08EFB490D9F}.Debug|Any CPU.Build.0 = Debug|Any CPU
		{FA478D01-3E27-4D1A-A0E1-A08EFB490D9F}.Release|Any CPU.ActiveCfg = Release|Any CPU
		{FA478D01-3E27-4D1A-A0E1-A08EFB490D9F}.Release|Any CPU.Build.0 = Release|Any CPU
		{206B51EB-BAE5-44EB-9755-F57D61691C43}.Debug|Any CPU.ActiveCfg = Debug|Any CPU
		{206B51EB-BAE5-44EB-9755-F57D61691C43}.Debug|Any CPU.Build.0 = Debug|Any CPU
		{206B51EB-BAE5-44EB-9755-F57D61691C43}.Release|Any CPU.ActiveCfg = Release|Any CPU
		{206B51EB-BAE5-44EB-9755-F57D61691C43}.Release|Any CPU.Build.0 = Release|Any CPU
		{F7F99555-AAA2-4E70-87D0-78FB92602FBC}.Debug|Any CPU.ActiveCfg = Debug|Any CPU
		{F7F99555-AAA2-4E70-87D0-78FB92602FBC}.Debug|Any CPU.Build.0 = Debug|Any CPU
		{F7F99555-AAA2-4E70-87D0-78FB92602FBC}.Release|Any CPU.ActiveCfg = Release|Any CPU
		{F7F99555-AAA2-4E70-87D0-78FB92602FBC}.Release|Any CPU.Build.0 = Release|Any CPU
		{01508B2E-334A-4A0C-8FC9-6DBF446E5C7D}.Debug|Any CPU.ActiveCfg = Debug|Any CPU
		{01508B2E-334A-4A0C-8FC9-6DBF446E5C7D}.Debug|Any CPU.Build.0 = Debug|Any CPU
		{01508B2E-334A-4A0C-8FC9-6DBF446E5C7D}.Release|Any CPU.ActiveCfg = Release|Any CPU
		{01508B2E-334A-4A0C-8FC9-6DBF446E5C7D}.Release|Any CPU.Build.0 = Release|Any CPU
		{760B86A6-59E1-4EC3-8E51-40A260676A44}.Debug|Any CPU.ActiveCfg = Debug|Any CPU
		{760B86A6-59E1-4EC3-8E51-40A260676A44}.Debug|Any CPU.Build.0 = Debug|Any CPU
		{760B86A6-59E1-4EC3-8E51-40A260676A44}.Release|Any CPU.ActiveCfg = Release|Any CPU
		{760B86A6-59E1-4EC3-8E51-40A260676A44}.Release|Any CPU.Build.0 = Release|Any CPU
		{1A1348DE-368C-44DB-BDBF-9E7281E11541}.Debug|Any CPU.ActiveCfg = Debug|Any CPU
		{1A1348DE-368C-44DB-BDBF-9E7281E11541}.Debug|Any CPU.Build.0 = Debug|Any CPU
		{1A1348DE-368C-44DB-BDBF-9E7281E11541}.Release|Any CPU.ActiveCfg = Release|Any CPU
		{1A1348DE-368C-44DB-BDBF-9E7281E11541}.Release|Any CPU.Build.0 = Release|Any CPU
		{A5FCCDF8-BAC2-4C61-BB1A-EAEDB33A6CF3}.Debug|Any CPU.ActiveCfg = Debug|Any CPU
		{A5FCCDF8-BAC2-4C61-BB1A-EAEDB33A6CF3}.Debug|Any CPU.Build.0 = Debug|Any CPU
		{A5FCCDF8-BAC2-4C61-BB1A-EAEDB33A6CF3}.Release|Any CPU.ActiveCfg = Release|Any CPU
		{A5FCCDF8-BAC2-4C61-BB1A-EAEDB33A6CF3}.Release|Any CPU.Build.0 = Release|Any CPU
		{A7F42F6A-05F3-432E-9CE6-A153604B7D74}.Debug|Any CPU.ActiveCfg = Debug|Any CPU
		{A7F42F6A-05F3-432E-9CE6-A153604B7D74}.Debug|Any CPU.Build.0 = Debug|Any CPU
		{A7F42F6A-05F3-432E-9CE6-A153604B7D74}.Release|Any CPU.ActiveCfg = Release|Any CPU
		{A7F42F6A-05F3-432E-9CE6-A153604B7D74}.Release|Any CPU.Build.0 = Release|Any CPU
		{C7346B0C-934A-414A-8F03-75963E3F5B60}.Debug|Any CPU.ActiveCfg = Debug|Any CPU
		{C7346B0C-934A-414A-8F03-75963E3F5B60}.Debug|Any CPU.Build.0 = Debug|Any CPU
		{C7346B0C-934A-414A-8F03-75963E3F5B60}.Release|Any CPU.ActiveCfg = Release|Any CPU
		{C7346B0C-934A-414A-8F03-75963E3F5B60}.Release|Any CPU.Build.0 = Release|Any CPU
		{11E3BCAE-81DB-4145-986F-2A1D522F1234}.Debug|Any CPU.ActiveCfg = Debug|Any CPU
		{11E3BCAE-81DB-4145-986F-2A1D522F1234}.Debug|Any CPU.Build.0 = Debug|Any CPU
		{11E3BCAE-81DB-4145-986F-2A1D522F1234}.Release|Any CPU.ActiveCfg = Release|Any CPU
		{11E3BCAE-81DB-4145-986F-2A1D522F1234}.Release|Any CPU.Build.0 = Release|Any CPU
	EndGlobalSection
	GlobalSection(NestedProjects) = preSolution
		{9E2533A7-3060-4D00-8C52-5F191BAEE25E} = {D5359851-1752-48E6-952F-0A0DDE4B7C7C}
		{75546077-E4A5-4392-BDF4-BCEAE5A0E591} = {D5359851-1752-48E6-952F-0A0DDE4B7C7C}
		{760B86A6-59E1-4EC3-8E51-40A260676A44} = {75546077-E4A5-4392-BDF4-BCEAE5A0E591}
		{1A1348DE-368C-44DB-BDBF-9E7281E11541} = {9E2533A7-3060-4D00-8C52-5F191BAEE25E}
		{A5FCCDF8-BAC2-4C61-BB1A-EAEDB33A6CF3} = {75546077-E4A5-4392-BDF4-BCEAE5A0E591}
		{A7F42F6A-05F3-432E-9CE6-A153604B7D74} = {75546077-E4A5-4392-BDF4-BCEAE5A0E591}
		{C7346B0C-934A-414A-8F03-75963E3F5B60} = {75546077-E4A5-4392-BDF4-BCEAE5A0E591}
		{11E3BCAE-81DB-4145-986F-2A1D522F1234} = {75546077-E4A5-4392-BDF4-BCEAE5A0E591}
	EndGlobalSection
EndGlobal
